
Microsoft Visual Studio Solution File, Format Version 12.00
# Visual Studio Version 16
VisualStudioVersion = 16.0.32106.194
MinimumVisualStudioVersion = 10.0.40219.1
Project("{FAE04EC0-301F-11D3-BF4B-00C04F79EFBC}") = "BlocoDeNotas2", "BlocoDeNotas2\BlocoDeNotas2.csproj", "{6A0E6DAE-35E6-4534-9B06-05194FE231EE}"
EndProject
Global
	GlobalSection(SolutionConfigurationPlatforms) = preSolution
		Debug|Any CPU = Debug|Any CPU
		Release|Any CPU = Release|Any CPU
	EndGlobalSection
	GlobalSection(ProjectConfigurationPlatforms) = postSolution
		{6A0E6DAE-35E6-4534-9B06-05194FE231EE}.Debug|Any CPU.ActiveCfg = Debug|Any CPU
		{6A0E6DAE-35E6-4534-9B06-05194FE231EE}.Debug|Any CPU.Build.0 = Debug|Any CPU
		{6A0E6DAE-35E6-4534-9B06-05194FE231EE}.Release|Any CPU.ActiveCfg = Release|Any CPU
		{6A0E6DAE-35E6-4534-9B06-05194FE231EE}.Release|Any CPU.Build.0 = Release|Any CPU
	EndGlobalSection
	GlobalSection(SolutionProperties) = preSolution
		HideSolutionNode = FALSE
	EndGlobalSection
	GlobalSection(ExtensibilityGlobals) = postSolution
		SolutionGuid = {0C08FC7A-367A-40B3-99A6-E35EDB4300B5}
	EndGlobalSection
EndGlobal
